
Microsoft Visual Studio Solution File, Format Version 12.00
# TcXaeShell Solution File, Format Version 11.00
VisualStudioVersion = 15.0.34829.251
MinimumVisualStudioVersion = 10.0.40219.1
Project("{B1E792BE-AA5F-4E3C-8C82-674BF9C0715B}") = "TwinCAT SLQ 4024", "TwinCAT SLQ 4024\TwinCAT SLQ 4024.tsproj", "{62095E55-259A-4C85-B65B-C3F357422185}"
EndProject
Global
	GlobalSection(SolutionConfigurationPlatforms) = preSolution
		Debug|TwinCAT CE7 (ARMV7) = Debug|TwinCAT CE7 (ARMV7)
		Debug|TwinCAT OS (ARMT2) = Debug|TwinCAT OS (ARMT2)
		Debug|TwinCAT RT (x64) = Debug|TwinCAT RT (x64)
		Debug|TwinCAT RT (x86) = Debug|TwinCAT RT (x86)
		Release|TwinCAT CE7 (ARMV7) = Release|TwinCAT CE7 (ARMV7)
		Release|TwinCAT OS (ARMT2) = Release|TwinCAT OS (ARMT2)
		Release|TwinCAT RT (x64) = Release|TwinCAT RT (x64)
		Release|TwinCAT RT (x86) = Release|TwinCAT RT (x86)
	EndGlobalSection
	GlobalSection(ProjectConfigurationPlatforms) = postSolution
		{62095E55-259A-4C85-B65B-C3F357422185}.Debug|TwinCAT CE7 (ARMV7).ActiveCfg = Debug|TwinCAT CE7 (ARMV7)
		{62095E55-259A-4C85-B65B-C3F357422185}.Debug|TwinCAT CE7 (ARMV7).Build.0 = Debug|TwinCAT CE7 (ARMV7)
		{62095E55-259A-4C85-B65B-C3F357422185}.Debug|TwinCAT OS (ARMT2).ActiveCfg = Debug|TwinCAT OS (ARMT2)
		{62095E55-259A-4C85-B65B-C3F357422185}.Debug|TwinCAT OS (ARMT2).Build.0 = Debug|TwinCAT OS (ARMT2)
		{62095E55-259A-4C85-B65B-C3F357422185}.Debug|TwinCAT RT (x64).ActiveCfg = Debug|TwinCAT RT (x64)
		{62095E55-259A-4C85-B65B-C3F357422185}.Debug|TwinCAT RT (x64).Build.0 = Debug|TwinCAT RT (x64)
		{62095E55-259A-4C85-B65B-C3F357422185}.Debug|TwinCAT RT (x86).ActiveCfg = Debug|TwinCAT RT (x86)
		{62095E55-259A-4C85-B65B-C3F357422185}.Debug|TwinCAT RT (x86).Build.0 = Debug|TwinCAT RT (x86)
		{62095E55-259A-4C85-B65B-C3F357422185}.Release|TwinCAT CE7 (ARMV7).ActiveCfg = Release|TwinCAT CE7 (ARMV7)
		{62095E55-259A-4C85-B65B-C3F357422185}.Release|TwinCAT CE7 (ARMV7).Build.0 = Release|TwinCAT CE7 (ARMV7)
		{62095E55-259A-4C85-B65B-C3F357422185}.Release|TwinCAT OS (ARMT2).ActiveCfg = Release|TwinCAT OS (ARMT2)
		{62095E55-259A-4C85-B65B-C3F357422185}.Release|TwinCAT OS (ARMT2).Build.0 = Release|TwinCAT OS (ARMT2)
		{62095E55-259A-4C85-B65B-C3F357422185}.Release|TwinCAT RT (x64).ActiveCfg = Release|TwinCAT RT (x64)
		{62095E55-259A-4C85-B65B-C3F357422185}.Release|TwinCAT RT (x64).Build.0 = Release|TwinCAT RT (x64)
		{62095E55-259A-4C85-B65B-C3F357422185}.Release|TwinCAT RT (x86).ActiveCfg = Release|TwinCAT RT (x86)
		{62095E55-259A-4C85-B65B-C3F357422185}.Release|TwinCAT RT (x86).Build.0 = Release|TwinCAT RT (x86)
		{0D1DA551-5B45-443F-B62C-68E9CA00CE9C}.Debug|TwinCAT CE7 (ARMV7).ActiveCfg = Debug|TwinCAT CE7 (ARMV7)
		{0D1DA551-5B45-443F-B62C-68E9CA00CE9C}.Debug|TwinCAT CE7 (ARMV7).Build.0 = Debug|TwinCAT CE7 (ARMV7)
		{0D1DA551-5B45-443F-B62C-68E9CA00CE9C}.Debug|TwinCAT OS (ARMT2).ActiveCfg = Debug|TwinCAT OS (ARMT2)
		{0D1DA551-5B45-443F-B62C-68E9CA00CE9C}.Debug|TwinCAT OS (ARMT2).Build.0 = Debug|TwinCAT OS (ARMT2)
		{0D1DA551-5B45-443F-B62C-68E9CA00CE9C}.Debug|TwinCAT RT (x64).ActiveCfg = Debug|TwinCAT RT (x64)
		{0D1DA551-5B45-443F-B62C-68E9CA00CE9C}.Debug|TwinCAT RT (x64).Build.0 = Debug|TwinCAT RT (x64)
		{0D1DA551-5B45-443F-B62C-68E9CA00CE9C}.Debug|TwinCAT RT (x86).ActiveCfg = Debug|TwinCAT RT (x86)
		{0D1DA551-5B45-443F-B62C-68E9CA00CE9C}.Debug|TwinCAT RT (x86).Build.0 = Debug|TwinCAT RT (x86)
		{0D1DA551-5B45-443F-B62C-68E9CA00CE9C}.Release|TwinCAT CE7 (ARMV7).ActiveCfg = Release|TwinCAT CE7 (ARMV7)
		{0D1DA551-5B45-443F-B62C-68E9CA00CE9C}.Release|TwinCAT CE7 (ARMV7).Build.0 = Release|TwinCAT CE7 (ARMV7)
		{0D1DA551-5B45-443F-B62C-68E9CA00CE9C}.Release|TwinCAT OS (ARMT2).ActiveCfg = Release|TwinCAT OS (ARMT2)
		{0D1DA551-5B45-443F-B62C-68E9CA00CE9C}.Release|TwinCAT OS (ARMT2).Build.0 = Release|TwinCAT OS (ARMT2)
		{0D1DA551-5B45-443F-B62C-68E9CA00CE9C}.Release|TwinCAT RT (x64).ActiveCfg = Release|TwinCAT RT (x64)
		{0D1DA551-5B45-443F-B62C-68E9CA00CE9C}.Release|TwinCAT RT (x86).ActiveCfg = Release|TwinCAT RT (x86)
		{0D1DA551-5B45-443F-B62C-68E9CA00CE9C}.Release|TwinCAT RT (x86).Build.0 = Release|TwinCAT RT (x86)
		{E8F249C6-16E0-4D65-8947-44509F584104}.Debug|TwinCAT CE7 (ARMV7).ActiveCfg = Debug|TwinCAT CE7 (ARMV7)
		{E8F249C6-16E0-4D65-8947-44509F584104}.Debug|TwinCAT CE7 (ARMV7).Build.0 = Debug|TwinCAT CE7 (ARMV7)
		{E8F249C6-16E0-4D65-8947-44509F584104}.Debug|TwinCAT OS (ARMT2).ActiveCfg = Debug|TwinCAT OS (ARMT2)
		{E8F249C6-16E0-4D65-8947-44509F584104}.Debug|TwinCAT OS (ARMT2).Build.0 = Debug|TwinCAT OS (ARMT2)
		{E8F249C6-16E0-4D65-8947-44509F584104}.Debug|TwinCAT RT (x64).ActiveCfg = Debug|TwinCAT RT (x64)
		{E8F249C6-16E0-4D65-8947-44509F584104}.Debug|TwinCAT RT (x64).Build.0 = Debug|TwinCAT RT (x64)
		{E8F249C6-16E0-4D65-8947-44509F584104}.Debug|TwinCAT RT (x86).ActiveCfg = Debug|TwinCAT RT (x86)
		{E8F249C6-16E0-4D65-8947-44509F584104}.Debug|TwinCAT RT (x86).Build.0 = Debug|TwinCAT RT (x86)
		{E8F249C6-16E0-4D65-8947-44509F584104}.Release|TwinCAT CE7 (ARMV7).ActiveCfg = Release|TwinCAT CE7 (ARMV7)
		{E8F249C6-16E0-4D65-8947-44509F584104}.Release|TwinCAT CE7 (ARMV7).Build.0 = Release|TwinCAT CE7 (ARMV7)
		{E8F249C6-16E0-4D65-8947-44509F584104}.Release|TwinCAT OS (ARMT2).ActiveCfg = Release|TwinCAT OS (ARMT2)
		{E8F249C6-16E0-4D65-8947-44509F584104}.Release|TwinCAT OS (ARMT2).Build.0 = Release|TwinCAT OS (ARMT2)
		{E8F249C6-16E0-4D65-8947-44509F584104}.Release|TwinCAT RT (x64).ActiveCfg = Release|TwinCAT RT (x64)
		{E8F249C6-16E0-4D65-8947-44509F584104}.Release|TwinCAT RT (x64).Build.0 = Release|TwinCAT RT (x64)
		{E8F249C6-16E0-4D65-8947-44509F584104}.Release|TwinCAT RT (x86).ActiveCfg = Release|TwinCAT RT (x86)
		{E8F249C6-16E0-4D65-8947-44509F584104}.Release|TwinCAT RT (x86).Build.0 = Release|TwinCAT RT (x86)
		{3EF669CC-F62C-45F2-9071-3870104FE63A}.Debug|TwinCAT CE7 (ARMV7).ActiveCfg = Debug|TwinCAT CE7 (ARMV7)
		{3EF669CC-F62C-45F2-9071-3870104FE63A}.Debug|TwinCAT CE7 (ARMV7).Build.0 = Debug|TwinCAT CE7 (ARMV7)
		{3EF669CC-F62C-45F2-9071-3870104FE63A}.Debug|TwinCAT OS (ARMT2).ActiveCfg = Debug|TwinCAT OS (ARMT2)
		{3EF669CC-F62C-45F2-9071-3870104FE63A}.Debug|TwinCAT OS (ARMT2).Build.0 = Debug|TwinCAT OS (ARMT2)
		{3EF669CC-F62C-45F2-9071-3870104FE63A}.Debug|TwinCAT RT (x64).ActiveCfg = Debug|TwinCAT RT (x64)
		{3EF669CC-F62C-45F2-9071-3870104FE63A}.Debug|TwinCAT RT (x64).Build.0 = Debug|TwinCAT RT (x64)
		{3EF669CC-F62C-45F2-9071-3870104FE63A}.Debug|TwinCAT RT (x86).ActiveCfg = Debug|TwinCAT RT (x86)
		{3EF669CC-F62C-45F2-9071-3870104FE63A}.Debug|TwinCAT RT (x86).Build.0 = Debug|TwinCAT RT (x86)
		{3EF669CC-F62C-45F2-9071-3870104FE63A}.Release|TwinCAT CE7 (ARMV7).ActiveCfg = Release|TwinCAT CE7 (ARMV7)
		{3EF669CC-F62C-45F2-9071-3870104FE63A}.Release|TwinCAT CE7 (ARMV7).Build.0 = Release|TwinCAT CE7 (ARMV7)
		{3EF669CC-F62C-45F2-9071-3870104FE63A}.Release|TwinCAT OS (ARMT2).ActiveCfg = Release|TwinCAT OS (ARMT2)
		{3EF669CC-F62C-45F2-9071-3870104FE63A}.Release|TwinCAT OS (ARMT2).Build.0 = Release|TwinCAT OS (ARMT2)
		{3EF669CC-F62C-45F2-9071-3870104FE63A}.Release|TwinCAT RT (x64).ActiveCfg = Release|TwinCAT RT (x64)
		{3EF669CC-F62C-45F2-9071-3870104FE63A}.Release|TwinCAT RT (x64).Build.0 = Release|TwinCAT RT (x64)
		{3EF669CC-F62C-45F2-9071-3870104FE63A}.Release|TwinCAT RT (x86).ActiveCfg = Release|TwinCAT RT (x86)
		{3EF669CC-F62C-45F2-9071-3870104FE63A}.Release|TwinCAT RT (x86).Build.0 = Release|TwinCAT RT (x86)
		{2304FC89-6D60-4C92-B837-CFE433D3D856}.Debug|TwinCAT CE7 (ARMV7).ActiveCfg = Debug|TwinCAT CE7 (ARMV7)
		{2304FC89-6D60-4C92-B837-CFE433D3D856}.Debug|TwinCAT CE7 (ARMV7).Build.0 = Debug|TwinCAT CE7 (ARMV7)
		{2304FC89-6D60-4C92-B837-CFE433D3D856}.Debug|TwinCAT OS (ARMT2).ActiveCfg = Debug|TwinCAT OS (ARMT2)
		{2304FC89-6D60-4C92-B837-CFE433D3D856}.Debug|TwinCAT OS (ARMT2).Build.0 = Debug|TwinCAT OS (ARMT2)
		{2304FC89-6D60-4C92-B837-CFE433D3D856}.Debug|TwinCAT RT (x64).ActiveCfg = Debug|TwinCAT RT (x64)
		{2304FC89-6D60-4C92-B837-CFE433D3D856}.Debug|TwinCAT RT (x64).Build.0 = Debug|TwinCAT RT (x64)
		{2304FC89-6D60-4C92-B837-CFE433D3D856}.Debug|TwinCAT RT (x86).ActiveCfg = Debug|TwinCAT RT (x86)
		{2304FC89-6D60-4C92-B837-CFE433D3D856}.Debug|TwinCAT RT (x86).Build.0 = Debug|TwinCAT RT (x86)
		{2304FC89-6D60-4C92-B837-CFE433D3D856}.Release|TwinCAT CE7 (ARMV7).ActiveCfg = Release|TwinCAT CE7 (ARMV7)
		{2304FC89-6D60-4C92-B837-CFE433D3D856}.Release|TwinCAT CE7 (ARMV7).Build.0 = Release|TwinCAT CE7 (ARMV7)
		{2304FC89-6D60-4C92-B837-CFE433D3D856}.Release|TwinCAT OS (ARMT2).ActiveCfg = Release|TwinCAT OS (ARMT2)
		{2304FC89-6D60-4C92-B837-CFE433D3D856}.Release|TwinCAT OS (ARMT2).Build.0 = Release|TwinCAT OS (ARMT2)
		{2304FC89-6D60-4C92-B837-CFE433D3D856}.Release|TwinCAT RT (x64).ActiveCfg = Release|TwinCAT RT (x64)
		{2304FC89-6D60-4C92-B837-CFE433D3D856}.Release|TwinCAT RT (x86).ActiveCfg = Release|TwinCAT RT (x86)
		{2304FC89-6D60-4C92-B837-CFE433D3D856}.Release|TwinCAT RT (x86).Build.0 = Release|TwinCAT RT (x86)
		{7ED2757A-0EAC-4587-AC05-9BDDA25E7CA6}.Debug|TwinCAT CE7 (ARMV7).ActiveCfg = Debug|TwinCAT CE7 (ARMV7)
		{7ED2757A-0EAC-4587-AC05-9BDDA25E7CA6}.Debug|TwinCAT CE7 (ARMV7).Build.0 = Debug|TwinCAT CE7 (ARMV7)
		{7ED2757A-0EAC-4587-AC05-9BDDA25E7CA6}.Debug|TwinCAT OS (ARMT2).ActiveCfg = Debug|TwinCAT OS (ARMT2)
		{7ED2757A-0EAC-4587-AC05-9BDDA25E7CA6}.Debug|TwinCAT OS (ARMT2).Build.0 = Debug|TwinCAT OS (ARMT2)
		{7ED2757A-0EAC-4587-AC05-9BDDA25E7CA6}.Debug|TwinCAT RT (x64).ActiveCfg = Debug|TwinCAT RT (x64)
		{7ED2757A-0EAC-4587-AC05-9BDDA25E7CA6}.Debug|TwinCAT RT (x64).Build.0 = Debug|TwinCAT RT (x64)
		{7ED2757A-0EAC-4587-AC05-9BDDA25E7CA6}.Debug|TwinCAT RT (x86).ActiveCfg = Debug|TwinCAT RT (x86)
		{7ED2757A-0EAC-4587-AC05-9BDDA25E7CA6}.Debug|TwinCAT RT (x86).Build.0 = Debug|TwinCAT RT (x86)
		{7ED2757A-0EAC-4587-AC05-9BDDA25E7CA6}.Release|TwinCAT CE7 (ARMV7).ActiveCfg = Release|TwinCAT CE7 (ARMV7)
		{7ED2757A-0EAC-4587-AC05-9BDDA25E7CA6}.Release|TwinCAT CE7 (ARMV7).Build.0 = Release|TwinCAT CE7 (ARMV7)
		{7ED2757A-0EAC-4587-AC05-9BDDA25E7CA6}.Release|TwinCAT OS (ARMT2).ActiveCfg = Release|TwinCAT OS (ARMT2)
		{7ED2757A-0EAC-4587-AC05-9BDDA25E7CA6}.Release|TwinCAT OS (ARMT2).Build.0 = Release|TwinCAT OS (ARMT2)
		{7ED2757A-0EAC-4587-AC05-9BDDA25E7CA6}.Release|TwinCAT RT (x64).ActiveCfg = Release|TwinCAT RT (x64)
		{7ED2757A-0EAC-4587-AC05-9BDDA25E7CA6}.Release|TwinCAT RT (x86).ActiveCfg = Release|TwinCAT RT (x86)
		{7ED2757A-0EAC-4587-AC05-9BDDA25E7CA6}.Release|TwinCAT RT (x86).Build.0 = Release|TwinCAT RT (x86)
		{190F3B06-98C9-4E17-B67E-910FC8D078F4}.Debug|TwinCAT CE7 (ARMV7).ActiveCfg = Debug|TwinCAT CE7 (ARMV7)
		{190F3B06-98C9-4E17-B67E-910FC8D078F4}.Debug|TwinCAT CE7 (ARMV7).Build.0 = Debug|TwinCAT CE7 (ARMV7)
		{190F3B06-98C9-4E17-B67E-910FC8D078F4}.Debug|TwinCAT OS (ARMT2).ActiveCfg = Debug|TwinCAT OS (ARMT2)
		{190F3B06-98C9-4E17-B67E-910FC8D078F4}.Debug|TwinCAT OS (ARMT2).Build.0 = Debug|TwinCAT OS (ARMT2)
		{190F3B06-98C9-4E17-B67E-910FC8D078F4}.Debug|TwinCAT RT (x64).ActiveCfg = Debug|TwinCAT RT (x64)
		{190F3B06-98C9-4E17-B67E-910FC8D078F4}.Debug|TwinCAT RT (x64).Build.0 = Debug|TwinCAT RT (x64)
		{190F3B06-98C9-4E17-B67E-910FC8D078F4}.Debug|TwinCAT RT (x86).ActiveCfg = Debug|TwinCAT RT (x86)
		{190F3B06-98C9-4E17-B67E-910FC8D078F4}.Debug|TwinCAT RT (x86).Build.0 = Debug|TwinCAT RT (x86)
		{190F3B06-98C9-4E17-B67E-910FC8D078F4}.Release|TwinCAT CE7 (ARMV7).ActiveCfg = Release|TwinCAT CE7 (ARMV7)
		{190F3B06-98C9-4E17-B67E-910FC8D078F4}.Release|TwinCAT CE7 (ARMV7).Build.0 = Release|TwinCAT CE7 (ARMV7)
		{190F3B06-98C9-4E17-B67E-910FC8D078F4}.Release|TwinCAT OS (ARMT2).ActiveCfg = Release|TwinCAT OS (ARMT2)
		{190F3B06-98C9-4E17-B67E-910FC8D078F4}.Release|TwinCAT OS (ARMT2).Build.0 = Release|TwinCAT OS (ARMT2)
		{190F3B06-98C9-4E17-B67E-910FC8D078F4}.Release|TwinCAT RT (x64).ActiveCfg = Release|TwinCAT RT (x64)
		{190F3B06-98C9-4E17-B67E-910FC8D078F4}.Release|TwinCAT RT (x64).Build.0 = Release|TwinCAT RT (x64)
		{190F3B06-98C9-4E17-B67E-910FC8D078F4}.Release|TwinCAT RT (x86).ActiveCfg = Release|TwinCAT RT (x86)
		{190F3B06-98C9-4E17-B67E-910FC8D078F4}.Release|TwinCAT RT (x86).Build.0 = Release|TwinCAT RT (x86)
		{2FA1224B-82C4-46B3-8F62-704EF055248A}.Debug|TwinCAT CE7 (ARMV7).ActiveCfg = Debug|TwinCAT CE7 (ARMV7)
		{2FA1224B-82C4-46B3-8F62-704EF055248A}.Debug|TwinCAT CE7 (ARMV7).Build.0 = Debug|TwinCAT CE7 (ARMV7)
		{2FA1224B-82C4-46B3-8F62-704EF055248A}.Debug|TwinCAT OS (ARMT2).ActiveCfg = Debug|TwinCAT OS (ARMT2)
		{2FA1224B-82C4-46B3-8F62-704EF055248A}.Debug|TwinCAT OS (ARMT2).Build.0 = Debug|TwinCAT OS (ARMT2)
		{2FA1224B-82C4-46B3-8F62-704EF055248A}.Debug|TwinCAT RT (x64).ActiveCfg = Debug|TwinCAT RT (x64)
		{2FA1224B-82C4-46B3-8F62-704EF055248A}.Debug|TwinCAT RT (x64).Build.0 = Debug|TwinCAT RT (x64)
		{2FA1224B-82C4-46B3-8F62-704EF055248A}.Debug|TwinCAT RT (x86).ActiveCfg = Debug|TwinCAT RT (x86)
		{2FA1224B-82C4-46B3-8F62-704EF055248A}.Debug|TwinCAT RT (x86).Build.0 = Debug|TwinCAT RT (x86)
		{2FA1224B-82C4-46B3-8F62-704EF055248A}.Release|TwinCAT CE7 (ARMV7).ActiveCfg = Release|TwinCAT CE7 (ARMV7)
		{2FA1224B-82C4-46B3-8F62-704EF055248A}.Release|TwinCAT CE7 (ARMV7).Build.0 = Release|TwinCAT CE7 (ARMV7)
		{2FA1224B-82C4-46B3-8F62-704EF055248A}.Release|TwinCAT OS (ARMT2).ActiveCfg = Release|TwinCAT OS (ARMT2)
		{2FA1224B-82C4-46B3-8F62-704EF055248A}.Release|TwinCAT OS (ARMT2).Build.0 = Release|TwinCAT OS (ARMT2)
		{2FA1224B-82C4-46B3-8F62-704EF055248A}.Release|TwinCAT RT (x64).ActiveCfg = Release|TwinCAT RT (x64)
		{2FA1224B-82C4-46B3-8F62-704EF055248A}.Release|TwinCAT RT (x64).Build.0 = Release|TwinCAT RT (x64)
		{2FA1224B-82C4-46B3-8F62-704EF055248A}.Release|TwinCAT RT (x86).ActiveCfg = Release|TwinCAT RT (x86)
		{2FA1224B-82C4-46B3-8F62-704EF055248A}.Release|TwinCAT RT (x86).Build.0 = Release|TwinCAT RT (x86)
	EndGlobalSection
	GlobalSection(SolutionProperties) = preSolution
		HideSolutionNode = FALSE
	EndGlobalSection
	GlobalSection(ExtensibilityGlobals) = postSolution
		SolutionGuid = {5AC8B835-0574-46A6-9E85-526517A275D2}
	EndGlobalSection
EndGlobal
